
Microsoft Visual Studio Solution File, Format Version 12.00
# Visual Studio 15
VisualStudioVersion = 15.0.27428.2005
MinimumVisualStudioVersion = 10.0.40219.1
Project("{DA7A21FA-8162-4350-AD77-A8D1B671F3ED}") = "DataCampRProgramming", "DataCampRProgramming\DataCampRProgramming.rxproj", "{9C88EC71-6790-441B-AB79-18C728F6D93A}"
EndProject
Global
	GlobalSection(SolutionConfigurationPlatforms) = preSolution
		Debug|Any CPU = Debug|Any CPU
		Release|Any CPU = Release|Any CPU
	EndGlobalSection
	GlobalSection(ProjectConfigurationPlatforms) = postSolution
		{9C88EC71-6790-441B-AB79-18C728F6D93A}.Debug|Any CPU.ActiveCfg = Debug|Any CPU
		{9C88EC71-6790-441B-AB79-18C728F6D93A}.Debug|Any CPU.Build.0 = Debug|Any CPU
		{9C88EC71-6790-441B-AB79-18C728F6D93A}.Release|Any CPU.ActiveCfg = Release|Any CPU
		{9C88EC71-6790-441B-AB79-18C728F6D93A}.Release|Any CPU.Build.0 = Release|Any CPU
	EndGlobalSection
	GlobalSection(SolutionProperties) = preSolution
		HideSolutionNode = FALSE
	EndGlobalSection
	GlobalSection(ExtensibilityGlobals) = postSolution
		SolutionGuid = {F3063288-C7B8-47DA-8950-9257FF90DD31}
	EndGlobalSection
EndGlobal
